
Microsoft Visual Studio Solution File, Format Version 12.00
# Visual Studio Version 16
VisualStudioVersion = 16.0.30011.22
MinimumVisualStudioVersion = 10.0.40219.1
Project("{9A19103F-16F7-4668-BE54-9A1E7A4F7556}") = "Battleships", "Battleships\Battleships.csproj", "{53D3498A-ED4E-43E9-87AB-7D3B1B57CD59}"
EndProject
Project("{9A19103F-16F7-4668-BE54-9A1E7A4F7556}") = "Battleships_UnitTests", "Battleships_UnitTests\Battleships_UnitTests.csproj", "{07271F9B-8A85-40D8-AF3C-6100BC414B44}"
EndProject
Global
	GlobalSection(SolutionConfigurationPlatforms) = preSolution
		Debug|Any CPU = Debug|Any CPU
		Release|Any CPU = Release|Any CPU
	EndGlobalSection
	GlobalSection(ProjectConfigurationPlatforms) = postSolution
		{53D3498A-ED4E-43E9-87AB-7D3B1B57CD59}.Debug|Any CPU.ActiveCfg = Debug|Any CPU
		{53D3498A-ED4E-43E9-87AB-7D3B1B57CD59}.Debug|Any CPU.Build.0 = Debug|Any CPU
		{53D3498A-ED4E-43E9-87AB-7D3B1B57CD59}.Release|Any CPU.ActiveCfg = Release|Any CPU
		{53D3498A-ED4E-43E9-87AB-7D3B1B57CD59}.Release|Any CPU.Build.0 = Release|Any CPU
		{07271F9B-8A85-40D8-AF3C-6100BC414B44}.Debug|Any CPU.ActiveCfg = Debug|Any CPU
		{07271F9B-8A85-40D8-AF3C-6100BC414B44}.Debug|Any CPU.Build.0 = Debug|Any CPU
		{07271F9B-8A85-40D8-AF3C-6100BC414B44}.Release|Any CPU.ActiveCfg = Release|Any CPU
		{07271F9B-8A85-40D8-AF3C-6100BC414B44}.Release|Any CPU.Build.0 = Release|Any CPU
	EndGlobalSection
	GlobalSection(SolutionProperties) = preSolution
		HideSolutionNode = FALSE
	EndGlobalSection
	GlobalSection(ExtensibilityGlobals) = postSolution
		SolutionGuid = {DCF73529-4652-47BF-B39D-0A782850DC5F}
	EndGlobalSection
EndGlobal
